
Microsoft Visual Studio Solution File, Format Version 12.00
# Visual Studio Version 16
VisualStudioVersion = 16.0.31727.386
MinimumVisualStudioVersion = 10.0.40219.1
Project("{FAE04EC0-301F-11D3-BF4B-00C04F79EFBC}") = "ContosoCrafts.WebSite", "ContosoCrafts.WebSite\ContosoCrafts.WebSite.csproj", "{A3F0E3D9-8DD7-4B39-A9A2-2718FA5E7B0A}"
EndProject
Global
	GlobalSection(SolutionConfigurationPlatforms) = preSolution
		Debug|Any CPU = Debug|Any CPU
		Release|Any CPU = Release|Any CPU
	EndGlobalSection
	GlobalSection(ProjectConfigurationPlatforms) = postSolution
		{A3F0E3D9-8DD7-4B39-A9A2-2718FA5E7B0A}.Debug|Any CPU.ActiveCfg = Debug|Any CPU
		{A3F0E3D9-8DD7-4B39-A9A2-2718FA5E7B0A}.Debug|Any CPU.Build.0 = Debug|Any CPU
		{A3F0E3D9-8DD7-4B39-A9A2-2718FA5E7B0A}.Release|Any CPU.ActiveCfg = Release|Any CPU
		{A3F0E3D9-8DD7-4B39-A9A2-2718FA5E7B0A}.Release|Any CPU.Build.0 = Release|Any CPU
	EndGlobalSection
	GlobalSection(SolutionProperties) = preSolution
		HideSolutionNode = FALSE
	EndGlobalSection
	GlobalSection(ExtensibilityGlobals) = postSolution
		SolutionGuid = {2085CEF5-CC52-441C-B0BF-4F1CA5BB6F07}
	EndGlobalSection
EndGlobal
